
Microsoft Visual Studio Solution File, Format Version 12.00
# Visual Studio Version 16
VisualStudioVersion = 16.0.810.17
MinimumVisualStudioVersion = 10.0.40219.1
Project("{FAE04EC0-301F-11D3-BF4B-00C04F79EFBC}") = "CSharpProjeler", "CSharpProjeler.csproj", "{F03E25A2-46E7-4490-8F9E-DA0C07A00CFF}"
EndProject
Global
	GlobalSection(SolutionConfigurationPlatforms) = preSolution
		Debug|Any CPU = Debug|Any CPU
		Release|Any CPU = Release|Any CPU
	EndGlobalSection
	GlobalSection(ProjectConfigurationPlatforms) = postSolution
		{F03E25A2-46E7-4490-8F9E-DA0C07A00CFF}.Debug|Any CPU.ActiveCfg = Debug|Any CPU
		{F03E25A2-46E7-4490-8F9E-DA0C07A00CFF}.Debug|Any CPU.Build.0 = Debug|Any CPU
		{F03E25A2-46E7-4490-8F9E-DA0C07A00CFF}.Release|Any CPU.ActiveCfg = Release|Any CPU
		{F03E25A2-46E7-4490-8F9E-DA0C07A00CFF}.Release|Any CPU.Build.0 = Release|Any CPU
	EndGlobalSection
	GlobalSection(SolutionProperties) = preSolution
		HideSolutionNode = FALSE
	EndGlobalSection
	GlobalSection(ExtensibilityGlobals) = postSolution
		SolutionGuid = {132630CB-9E6F-4008-940A-9FF3D20CA794}
	EndGlobalSection
EndGlobal
